<?xml version="1.0" encoding="utf-8"?>
<Project ToolsVersion="4.0" xmlns="http://schemas.microsoft.com/developer/msbuild/2003">
  <ItemGroup>
    <Filter Include="Source Files">
      <UniqueIdentifier>{4FC737F1-C7A5-4376-A066-2A32D752A2FF}</UniqueIdentifier>
      <Extensions>cpp;c;cc;cxx;def;odl;idl;hpj;bat;asm;asmx</Extensions>
    </Filter>
    <Filter Include="Header Files">
      <UniqueIdentifier>{93995380-89BD-4b04-88EB-625FBE52EBFB}</UniqueIdentifier>
      <Extensions>h;hh;hpp;hxx;hm;inl;inc;xsd</Extensions>
    </Filter>
    <Filter Include="Resource Files">
      <UniqueIdentifier>{67DA6AB6-F800-4c08-8B7A-83BB121AAD01}</UniqueIdentifier>
      <Extensions>rc;ico;cur;bmp;dlg;rc2;rct;bin;rgs;gif;jpg;jpeg;jpe;resx;tiff;tif;png;wav;mfcribbon-ms</Extensions>
    </Filter>
    <Filter Include="Engine">
      <UniqueIdentifier>{fe742d19-78ec-428f-a0fa-326d2fd2a52b}</UniqueIdentifier>
    </Filter>
    <Filter Include="Sound">
      <UniqueIdentifier>{cced2c38-6a6d-4484-afa2-38e44a48ed2b}</UniqueIdentifier>
    </Filter>
    <Filter Include="Objects">
      <UniqueIdentifier>{db6d75e9-cc1c-4ee0-8f97-63787dffbfde}</UniqueIdentifier>
    </Filter>
    <Filter Include="Objects\Animation">
      <UniqueIdentifier>{0a31030e-7a65-4e11-adcc-476050c687f7}</UniqueIdentifier>
    </Filter>
    <Filter Include="Objects\Texture">
      <UniqueIdentifier>{68a9a392-81ee-4c25-957f-d1f060e81b71}</UniqueIdentifier>
    </Filter>
    <Filter Include="Objects\Camera">
      <UniqueIdentifier>{cbfa9b39-1673-4961-8b5b-7b9c4909ab9a}</UniqueIdentifier>
    </Filter>
    <Filter Include="Box2d Shapes">
      <UniqueIdentifier>{6faa688a-78a2-4f24-a0ff-a1f6066c1aac}</UniqueIdentifier>
    </Filter>
    <Filter Include="Objects\Box2d Sprite">
      <UniqueIdentifier>{391f2dd5-7cfc-4cf5-bbba-66cbbc597e6c}</UniqueIdentifier>
    </Filter>
    <Filter Include="Player">
      <UniqueIdentifier>{e2e08cf8-52db-4f1b-95f3-0ded58cb2443}</UniqueIdentifier>
    </Filter>
  </ItemGroup>
  <ItemGroup>
    <ClCompile Include="Main.cpp">
      <Filter>Source Files</Filter>
    </ClCompile>
    <ClCompile Include="SimpleTimer.cpp">
      <Filter>Source Files</Filter>
    </ClCompile>
    <ClCompile Include="Sprite2.cpp">
      <Filter>Source Files</Filter>
    </ClCompile>
    <ClCompile Include="Locator.cpp">
      <Filter>Source Files</Filter>
    </ClCompile>
    <ClCompile Include="Direct3D_2D.cpp">
      <Filter>Engine</Filter>
    </ClCompile>
    <ClCompile Include="Direct3DWindow.cpp">
      <Filter>Engine</Filter>
    </ClCompile>
    <ClCompile Include="DrrectWrite.cpp">
      <Filter>Engine</Filter>
    </ClCompile>
    <ClCompile Include="DXErr.cpp">
      <Filter>Engine</Filter>
    </ClCompile>
    <ClCompile Include="Game.cpp">
      <Filter>Engine</Filter>
    </ClCompile>
    <ClCompile Include="Graphics.cpp">
      <Filter>Engine</Filter>
    </ClCompile>
    <ClCompile Include="Keyboard.cpp">
      <Filter>Engine</Filter>
    </ClCompile>
    <ClCompile Include="Mouse.cpp">
      <Filter>Engine</Filter>
    </ClCompile>
    <ClCompile Include="Sound.cpp">
      <Filter>Sound</Filter>
    </ClCompile>
    <ClCompile Include="Animation.cpp">
      <Filter>Objects\Animation</Filter>
    </ClCompile>
    <ClCompile Include="AnimationSequence.cpp">
      <Filter>Objects\Animation</Filter>
    </ClCompile>
    <ClCompile Include="D2D1Texture.cpp">
      <Filter>Objects\Texture</Filter>
    </ClCompile>
    <ClCompile Include="TextureManager.cpp">
      <Filter>Objects\Texture</Filter>
    </ClCompile>
    <ClCompile Include="SpriteSheet.cpp">
      <Filter>Objects\Texture</Filter>
    </ClCompile>
    <ClCompile Include="Camera.cpp">
      <Filter>Objects\Camera</Filter>
    </ClCompile>
    <ClCompile Include="Box.cpp">
      <Filter>Box2d Shapes</Filter>
    </ClCompile>
    <ClCompile Include="Box2dSprite.cpp">
      <Filter>Objects\Box2d Sprite</Filter>
    </ClCompile>
    <ClCompile Include="Player.cpp">
      <Filter>Player</Filter>
    </ClCompile>
  </ItemGroup>
  <ItemGroup>
    <ClInclude Include="GameState.h">
      <Filter>Header Files</Filter>
    </ClInclude>
    <ClInclude Include="includes.h">
      <Filter>Header Files</Filter>
    </ClInclude>
    <ClInclude Include="Rect.h">
      <Filter>Header Files</Filter>
    </ClInclude>
    <ClInclude Include="SimpleTimer.h">
      <Filter>Header Files</Filter>
    </ClInclude>
    <ClInclude Include="Sprite2.h">
      <Filter>Header Files</Filter>
    </ClInclude>
    <ClInclude Include="Utils.h">
      <Filter>Header Files</Filter>
    </ClInclude>
    <ClInclude Include="Vec2.h">
      <Filter>Header Files</Filter>
    </ClInclude>
    <ClInclude Include="VecRect.h">
      <Filter>Header Files</Filter>
    </ClInclude>
    <ClInclude Include="Locator.h">
      <Filter>Header Files</Filter>
    </ClInclude>
    <ClInclude Include="InputManager.h">
      <Filter>Header Files</Filter>
    </ClInclude>
    <ClInclude Include="keyboard.h">
      <Filter>Engine</Filter>
    </ClInclude>
    <ClInclude Include="mouse.h">
      <Filter>Engine</Filter>
    </ClInclude>
    <ClInclude Include="Graphics.h">
      <Filter>Engine</Filter>
    </ClInclude>
    <ClInclude Include="Game.h">
      <Filter>Engine</Filter>
    </ClInclude>
    <ClInclude Include="DirectWrite.h">
      <Filter>Engine</Filter>
    </ClInclude>
    <ClInclude Include="Direct3D_2D.h">
      <Filter>Engine</Filter>
    </ClInclude>
    <ClInclude Include="Direct3DWindow.h">
      <Filter>Engine</Filter>
    </ClInclude>
    <ClInclude Include="ChiliException.h">
      <Filter>Engine</Filter>
    </ClInclude>
    <ClInclude Include="ChiliWin.h">
      <Filter>Engine</Filter>
    </ClInclude>
    <ClInclude Include="RenderTarget.h">
      <Filter>Engine</Filter>
    </ClInclude>
    <ClInclude Include="SoundManager.h">
      <Filter>Sound</Filter>
    </ClInclude>
    <ClInclude Include="SoundEffect.h">
      <Filter>Sound</Filter>
    </ClInclude>
    <ClInclude Include="Sound.h">
      <Filter>Sound</Filter>
    </ClInclude>
    <ClInclude Include="Animation.h">
      <Filter>Objects\Animation</Filter>
    </ClInclude>
    <ClInclude Include="AnimationSequence.h">
      <Filter>Objects\Animation</Filter>
    </ClInclude>
    <ClInclude Include="DXErr.h">
      <Filter>Engine</Filter>
    </ClInclude>
    <ClInclude Include="Drawable.h">
      <Filter>Objects\Animation</Filter>
    </ClInclude>
    <ClInclude Include="SpriteSheet.h">
      <Filter>Objects\Texture</Filter>
    </ClInclude>
    <ClInclude Include="TextureManager.h">
      <Filter>Objects\Texture</Filter>
    </ClInclude>
    <ClInclude Include="D2D1Texture.h">
      <Filter>Objects\Texture</Filter>
    </ClInclude>
    <ClInclude Include="Camera.h">
      <Filter>Objects\Camera</Filter>
    </ClInclude>
    <ClInclude Include="Box2D\Box2D.h">
      <Filter>Header Files</Filter>
    </ClInclude>
    <ClInclude Include="Timer.h">
      <Filter>Header Files</Filter>
    </ClInclude>
    <ClInclude Include="Box.h">
      <Filter>Box2d Shapes</Filter>
    </ClInclude>
    <ClInclude Include="Randomizer.h">
      <Filter>Header Files</Filter>
    </ClInclude>
    <ClInclude Include="Box2dSprite.h">
      <Filter>Objects\Box2d Sprite</Filter>
    </ClInclude>
    <ClInclude Include="Player.h">
      <Filter>Player</Filter>
    </ClInclude>
  </ItemGroup>
</Project>